# THIS IS AN AUTOGENERATED FILE. DO NOT EDIT THIS FILE DIRECTLY.
# yarn lockfile v1


"@babel/runtime-corejs3@^7.7.4":
  version "7.9.6"
  resolved "https://registry.npm.taobao.org/@babel/runtime-corejs3/download/@babel/runtime-corejs3-7.9.6.tgz#67aded13fffbbc2cb93247388cf84d77a4be9a71"
  integrity sha1-Z63tE//7vCy5Mkc4jPhNd6S+mnE=
  dependencies:
    core-js-pure "^3.0.0"
    regenerator-runtime "^0.13.4"

"@babel/runtime@^7.5.1", "@babel/runtime@^7.5.5", "@babel/runtime@^7.7.4", "@babel/runtime@^7.8.4", "@babel/runtime@^7.8.7":
  version "7.9.6"
  resolved "https://registry.npm.taobao.org/@babel/runtime/download/@babel/runtime-7.9.6.tgz?cache=0&sync_timestamp=1588185696009&other_urls=https%3A%2F%2Fregistry.npm.taobao.org%2F%40babel%2Fruntime%2Fdownload%2F%40babel%2Fruntime-7.9.6.tgz#a9102eb5cadedf3f31d08a9ecf294af7827ea29f"
  integrity sha1-qRAutcre3z8x0IqezylK94J+op8=
  dependencies:
    regenerator-runtime "^0.13.4"

"@jest/types@^24.9.0":
  version "24.9.0"
  resolved "https://registry.npm.taobao.org/@jest/types/download/@jest/types-24.9.0.tgz?cache=0&sync_timestamp=1588675382715&other_urls=https%3A%2F%2Fregistry.npm.taobao.org%2F%40jest%2Ftypes%2Fdownload%2F%40jest%2Ftypes-24.9.0.tgz#63cb26cb7500d069e5a389441a7c6ab5e909fc59"
  integrity sha1-Y8smy3UA0Gnlo4lEGnxqtekJ/Fk=
  dependencies:
    "@types/istanbul-lib-coverage" "^2.0.0"
    "@types/istanbul-reports" "^1.1.1"
    "@types/yargs" "^13.0.0"

"@jest/types@^25.5.0":
  version "25.5.0"
  resolved "https://registry.npm.taobao.org/@jest/types/download/@jest/types-25.5.0.tgz?cache=0&sync_timestamp=1588675382715&other_urls=https%3A%2F%2Fregistry.npm.taobao.org%2F%40jest%2Ftypes%2Fdownload%2F%40jest%2Ftypes-25.5.0.tgz#4d6a4793f7b9599fc3680877b856a97dbccf2a9d"
  integrity sha1-TWpHk/e5WZ/DaAh3uFapfbzPKp0=
  dependencies:
    "@types/istanbul-lib-coverage" "^2.0.0"
    "@types/istanbul-reports" "^1.1.1"
    "@types/yargs" "^15.0.0"
    chalk "^3.0.0"

"@sheerun/mutationobserver-shim@^0.3.2":
  version "0.3.3"
  resolved "https://registry.npm.taobao.org/@sheerun/mutationobserver-shim/download/@sheerun/mutationobserver-shim-0.3.3.tgz#5405ee8e444ed212db44e79351f0c70a582aae25"
  integrity sha1-VAXujkRO0hLbROeTUfDHClgqriU=

"@testing-library/dom@^6.15.0":
  version "6.16.0"
  resolved "https://registry.npm.taobao.org/@testing-library/dom/download/@testing-library/dom-6.16.0.tgz#04ada27ed74ad4c0f0d984a1245bb29b1fd90ba9"
  integrity sha1-BK2iftdK1MDw2YShJFuymx/ZC6k=
  dependencies:
    "@babel/runtime" "^7.8.4"
    "@sheerun/mutationobserver-shim" "^0.3.2"
    "@types/testing-library__dom" "^6.12.1"
    aria-query "^4.0.2"
    dom-accessibility-api "^0.3.0"
    pretty-format "^25.1.0"
    wait-for-expect "^3.0.2"

"@testing-library/jest-dom@^4.2.4":
  version "4.2.4"
  resolved "https://registry.npm.taobao.org/@testing-library/jest-dom/download/@testing-library/jest-dom-4.2.4.tgz#00dfa0cbdd837d9a3c2a7f3f0a248ea6e7b89742"
  integrity sha1-AN+gy92DfZo8Kn8/CiSOpue4l0I=
  dependencies:
    "@babel/runtime" "^7.5.1"
    chalk "^2.4.1"
    css "^2.2.3"
    css.escape "^1.5.1"
    jest-diff "^24.0.0"
    jest-matcher-utils "^24.0.0"
    lodash "^4.17.11"
    pretty-format "^24.0.0"
    redent "^3.0.0"

"@testing-library/react@^9.3.2":
  version "9.5.0"
  resolved "https://registry.npm.taobao.org/@testing-library/react/download/@testing-library/react-9.5.0.tgz#71531655a7890b61e77a1b39452fbedf0472ca5e"
  integrity sha1-cVMWVaeJC2Hnehs5RS++3wRyyl4=
  dependencies:
    "@babel/runtime" "^7.8.4"
    "@testing-library/dom" "^6.15.0"
    "@types/testing-library__react" "^9.1.2"

"@testing-library/user-event@^7.1.2":
  version "7.2.1"
  resolved "https://registry.npm.taobao.org/@testing-library/user-event/download/@testing-library/user-event-7.2.1.tgz#2ad4e844175a3738cb9e7064be5ea070b8863a1c"
  integrity sha1-KtToRBdaNzjLnnBkvl6gcLiGOhw=

"@types/color-name@^1.1.1":
  version "1.1.1"
  resolved "https://registry.npm.taobao.org/@types/color-name/download/@types/color-name-1.1.1.tgz?cache=0&sync_timestamp=1588199606687&other_urls=https%3A%2F%2Fregistry.npm.taobao.org%2F%40types%2Fcolor-name%2Fdownload%2F%40types%2Fcolor-name-1.1.1.tgz#1c1261bbeaa10a8055bbc5d8ab84b7b2afc846a0"
  integrity sha1-HBJhu+qhCoBVu8XYq4S3sq/IRqA=

"@types/istanbul-lib-coverage@*", "@types/istanbul-lib-coverage@^2.0.0":
  version "2.0.1"
  resolved "https://registry.npm.taobao.org/@types/istanbul-lib-coverage/download/@types/istanbul-lib-coverage-2.0.1.tgz?cache=0&sync_timestamp=1588227930366&other_urls=https%3A%2F%2Fregistry.npm.taobao.org%2F%40types%2Fistanbul-lib-coverage%2Fdownload%2F%40types%2Fistanbul-lib-coverage-2.0.1.tgz#42995b446db9a48a11a07ec083499a860e9138ff"
  integrity sha1-QplbRG25pIoRoH7Ag0mahg6ROP8=

"@types/istanbul-lib-report@*":
  version "3.0.0"
  resolved "https://registry.npm.taobao.org/@types/istanbul-lib-report/download/@types/istanbul-lib-report-3.0.0.tgz#c14c24f18ea8190c118ee7562b7ff99a36552686"
  integrity sha1-wUwk8Y6oGQwRjudWK3/5mjZVJoY=
  dependencies:
    "@types/istanbul-lib-coverage" "*"

"@types/istanbul-reports@^1.1.1":
  version "1.1.1"
  resolved "https://registry.npm.taobao.org/@types/istanbul-reports/download/@types/istanbul-reports-1.1.1.tgz?cache=0&sync_timestamp=1588227929995&other_urls=https%3A%2F%2Fregistry.npm.taobao.org%2F%40types%2Fistanbul-reports%2Fdownload%2F%40types%2Fistanbul-reports-1.1.1.tgz#7a8cbf6a406f36c8add871625b278eaf0b0d255a"
  integrity sha1-eoy/akBvNsit2HFiWyeOrwsNJVo=
  dependencies:
    "@types/istanbul-lib-coverage" "*"
    "@types/istanbul-lib-report" "*"

"@types/prop-types@*":
  version "15.7.3"
  resolved "https://registry.npm.taobao.org/@types/prop-types/download/@types/prop-types-15.7.3.tgz#2ab0d5da2e5815f94b0b9d4b95d1e5f243ab2ca7"
  integrity sha1-KrDV2i5YFflLC51LldHl8kOrLKc=

"@types/react-dom@*":
  version "16.9.7"
  resolved "https://registry.npm.taobao.org/@types/react-dom/download/@types/react-dom-16.9.7.tgz#60844d48ce252d7b2dccf0c7bb937130e27c0cd2"
  integrity sha1-YIRNSM4lLXstzPDHu5NxMOJ8DNI=
  dependencies:
    "@types/react" "*"

"@types/react@*":
  version "16.9.34"
  resolved "https://registry.npm.taobao.org/@types/react/download/@types/react-16.9.34.tgz#f7d5e331c468f53affed17a8a4d488cd44ea9349"
  integrity sha1-99XjMcRo9Tr/7ReopNSIzUTqk0k=
  dependencies:
    "@types/prop-types" "*"
    csstype "^2.2.0"

"@types/testing-library__dom@*":
  version "7.0.2"
  resolved "https://registry.npm.taobao.org/@types/testing-library__dom/download/@types/testing-library__dom-7.0.2.tgz#2906f8a0dce58b0746c6ab606f786bd06fe6940e"
  integrity sha1-KQb4oNzliwdGxqtgb3hr0G/mlA4=
  dependencies:
    pretty-format "^25.1.0"

"@types/testing-library__dom@^6.12.1":
  version "6.14.0"
  resolved "https://registry.npm.taobao.org/@types/testing-library__dom/download/@types/testing-library__dom-6.14.0.tgz#1aede831cb4ed4a398448df5a2c54b54a365644e"
  integrity sha1-Gu3oMctO1KOYRI31osVLVKNlZE4=
  dependencies:
    pretty-format "^24.3.0"

"@types/testing-library__react@^9.1.2":
  version "9.1.3"
  resolved "https://registry.npm.taobao.org/@types/testing-library__react/download/@types/testing-library__react-9.1.3.tgz#35eca61cc6ea923543796f16034882a1603d7302"
  integrity sha1-NeymHMbqkjVDeW8WA0iCoWA9cwI=
  dependencies:
    "@types/react-dom" "*"
    "@types/testing-library__dom" "*"
    pretty-format "^25.1.0"

"@types/yargs-parser@*":
  version "15.0.0"
  resolved "https://registry.npm.taobao.org/@types/yargs-parser/download/@types/yargs-parser-15.0.0.tgz#cb3f9f741869e20cce330ffbeb9271590483882d"
  integrity sha1-yz+fdBhp4gzOMw/765JxWQSDiC0=

"@types/yargs@^13.0.0":
  version "13.0.8"
  resolved "https://registry.npm.taobao.org/@types/yargs/download/@types/yargs-13.0.8.tgz#a38c22def2f1c2068f8971acb3ea734eb3c64a99"
  integrity sha1-o4wi3vLxwgaPiXGss+pzTrPGSpk=
  dependencies:
    "@types/yargs-parser" "*"

"@types/yargs@^15.0.0":
  version "15.0.4"
  resolved "https://registry.npm.taobao.org/@types/yargs/download/@types/yargs-15.0.4.tgz#7e5d0f8ca25e9d5849f2ea443cf7c402decd8299"
  integrity sha1-fl0PjKJenVhJ8upEPPfEAt7Ngpk=
  dependencies:
    "@types/yargs-parser" "*"

ansi-regex@^4.0.0:
  version "4.1.0"
  resolved "https://registry.npm.taobao.org/ansi-regex/download/ansi-regex-4.1.0.tgz#8b9f8f08cf1acb843756a839ca8c7e3168c51997"
  integrity sha1-i5+PCM8ay4Q3Vqg5yox+MWjFGZc=

ansi-regex@^5.0.0:
  version "5.0.0"
  resolved "https://registry.npm.taobao.org/ansi-regex/download/ansi-regex-5.0.0.tgz#388539f55179bf39339c81af30a654d69f87cb75"
  integrity sha1-OIU59VF5vzkznIGvMKZU1p+Hy3U=

ansi-styles@^3.2.0, ansi-styles@^3.2.1:
  version "3.2.1"
  resolved "https://registry.npm.taobao.org/ansi-styles/download/ansi-styles-3.2.1.tgz#41fbb20243e50b12be0f04b8dedbf07520ce841d"
  integrity sha1-QfuyAkPlCxK+DwS43tvwdSDOhB0=
  dependencies:
    color-convert "^1.9.0"

ansi-styles@^4.0.0, ansi-styles@^4.1.0:
  version "4.2.1"
  resolved "https://registry.npm.taobao.org/ansi-styles/download/ansi-styles-4.2.1.tgz#90ae75c424d008d2624c5bf29ead3177ebfcf359"
  integrity sha1-kK51xCTQCNJiTFvynq0xd+v881k=
  dependencies:
    "@types/color-name" "^1.1.1"
    color-convert "^2.0.1"

aria-query@^4.0.2:
  version "4.0.2"
  resolved "https://registry.npm.taobao.org/aria-query/download/aria-query-4.0.2.tgz#250687b4ccde1ab86d127da0432ae3552fc7b145"
  integrity sha1-JQaHtMzeGrhtEn2gQyrjVS/HsUU=
  dependencies:
    "@babel/runtime" "^7.7.4"
    "@babel/runtime-corejs3" "^7.7.4"

atob@^2.1.2:
  version "2.1.2"
  resolved "https://registry.npm.taobao.org/atob/download/atob-2.1.2.tgz#6d9517eb9e030d2436666651e86bd9f6f13533c9"
  integrity sha1-bZUX654DDSQ2ZmZR6GvZ9vE1M8k=

chalk@^2.0.1, chalk@^2.4.1:
  version "2.4.2"
  resolved "https://registry.npm.taobao.org/chalk/download/chalk-2.4.2.tgz?cache=0&sync_timestamp=1587903555545&other_urls=https%3A%2F%2Fregistry.npm.taobao.org%2Fchalk%2Fdownload%2Fchalk-2.4.2.tgz#cd42541677a54333cf541a49108c1432b44c9424"
  integrity sha1-zUJUFnelQzPPVBpJEIwUMrRMlCQ=
  dependencies:
    ansi-styles "^3.2.1"
    escape-string-regexp "^1.0.5"
    supports-color "^5.3.0"

chalk@^3.0.0:
  version "3.0.0"
  resolved "https://registry.npm.taobao.org/chalk/download/chalk-3.0.0.tgz?cache=0&sync_timestamp=1587903555545&other_urls=https%3A%2F%2Fregistry.npm.taobao.org%2Fchalk%2Fdownload%2Fchalk-3.0.0.tgz#3f73c2bf526591f574cc492c51e2456349f844e4"
  integrity sha1-P3PCv1JlkfV0zEksUeJFY0n4ROQ=
  dependencies:
    ansi-styles "^4.1.0"
    supports-color "^7.1.0"

color-convert@^1.9.0:
  version "1.9.3"
  resolved "https://registry.npm.taobao.org/color-convert/download/color-convert-1.9.3.tgz#bb71850690e1f136567de629d2d5471deda4c1e8"
  integrity sha1-u3GFBpDh8TZWfeYp0tVHHe2kweg=
  dependencies:
    color-name "1.1.3"

color-convert@^2.0.1:
  version "2.0.1"
  resolved "https://registry.npm.taobao.org/color-convert/download/color-convert-2.0.1.tgz#72d3a68d598c9bdb3af2ad1e84f21d896abd4de3"
  integrity sha1-ctOmjVmMm9s68q0ehPIdiWq9TeM=
  dependencies:
    color-name "~1.1.4"

color-name@1.1.3:
  version "1.1.3"
  resolved "https://registry.npm.taobao.org/color-name/download/color-name-1.1.3.tgz#a7d0558bd89c42f795dd42328f740831ca53bc25"
  integrity sha1-p9BVi9icQveV3UIyj3QIMcpTvCU=

color-name@~1.1.4:
  version "1.1.4"
  resolved "https://registry.npm.taobao.org/color-name/download/color-name-1.1.4.tgz#c2a09a87acbde69543de6f63fa3995c826c536a2"
  integrity sha1-wqCah6y95pVD3m9j+jmVyCbFNqI=

core-js-pure@^3.0.0:
  version "3.6.5"
  resolved "https://registry.npm.taobao.org/core-js-pure/download/core-js-pure-3.6.5.tgz#c79e75f5e38dbc85a662d91eea52b8256d53b813"
  integrity sha1-x5519eONvIWmYtke6lK4JW1TuBM=

css.escape@^1.5.1:
  version "1.5.1"
  resolved "https://registry.npm.taobao.org/css.escape/download/css.escape-1.5.1.tgz#42e27d4fa04ae32f931a4b4d4191fa9cddee97cb"
  integrity sha1-QuJ9T6BK4y+TGktNQZH6nN3ul8s=

css@^2.2.3:
  version "2.2.4"
  resolved "https://registry.npm.taobao.org/css/download/css-2.2.4.tgz#c646755c73971f2bba6a601e2cf2fd71b1298929"
  integrity sha1-xkZ1XHOXHyu6amAeLPL9cbEpiSk=
  dependencies:
    inherits "^2.0.3"
    source-map "^0.6.1"
    source-map-resolve "^0.5.2"
    urix "^0.1.0"

csstype@^2.2.0, csstype@^2.6.7:
  version "2.6.10"
  resolved "https://registry.npm.taobao.org/csstype/download/csstype-2.6.10.tgz#e63af50e66d7c266edb6b32909cfd0aabe03928b"
  integrity sha1-5jr1DmbXwmbttrMpCc/Qqr4Dkos=

decode-uri-component@^0.2.0:
  version "0.2.2"
  resolved "https://registry.yarnpkg.com/decode-uri-component/-/decode-uri-component-0.2.2.tgz#e69dbe25d37941171dd540e024c444cd5188e1e9"
  integrity sha512-FqUYQ+8o158GyGTrMFJms9qh3CqTKvAqgqsTnkLI8sKu0028orqBhxNMFkFen0zGyg6epACD32pjVk58ngIErQ==

diff-sequences@^24.9.0:
  version "24.9.0"
  resolved "https://registry.npm.taobao.org/diff-sequences/download/diff-sequences-24.9.0.tgz#5715d6244e2aa65f48bba0bc972db0b0b11e95b5"
  integrity sha1-VxXWJE4qpl9Iu6C8ly2wsLEelbU=

dom-accessibility-api@^0.3.0:
  version "0.3.0"
  resolved "https://registry.npm.taobao.org/dom-accessibility-api/download/dom-accessibility-api-0.3.0.tgz#511e5993dd673b97c87ea47dba0e3892f7e0c983"
  integrity sha1-UR5Zk91nO5fIfqR9ug44kvfgyYM=

dom-helpers@^5.0.1:
  version "5.1.4"
  resolved "https://registry.npm.taobao.org/dom-helpers/download/dom-helpers-5.1.4.tgz#4609680ab5c79a45f2531441f1949b79d6587f4b"
  integrity sha1-RgloCrXHmkXyUxRB8ZSbedZYf0s=
  dependencies:
    "@babel/runtime" "^7.8.7"
    csstype "^2.6.7"

escape-string-regexp@^1.0.5:
  version "1.0.5"
  resolved "https://registry.npm.taobao.org/escape-string-regexp/download/escape-string-regexp-1.0.5.tgz#1b61c0562190a8dff6ae3bb2cf0200ca130b86d4"
  integrity sha1-G2HAViGQqN/2rjuyzwIAyhMLhtQ=

has-flag@^3.0.0:
  version "3.0.0"
  resolved "https://registry.npm.taobao.org/has-flag/download/has-flag-3.0.0.tgz#b5d454dc2199ae225699f3467e5a07f3b955bafd"
  integrity sha1-tdRU3CGZriJWmfNGfloH87lVuv0=

has-flag@^4.0.0:
  version "4.0.0"
  resolved "https://registry.npm.taobao.org/has-flag/download/has-flag-4.0.0.tgz#944771fd9c81c81265c4d6941860da06bb59479b"
  integrity sha1-lEdx/ZyByBJlxNaUGGDaBrtZR5s=

indent-string@^4.0.0:
  version "4.0.0"
  resolved "https://registry.npm.taobao.org/indent-string/download/indent-string-4.0.0.tgz?cache=0&sync_timestamp=1587903572268&other_urls=https%3A%2F%2Fregistry.npm.taobao.org%2Findent-string%2Fdownload%2Findent-string-4.0.0.tgz#624f8f4497d619b2d9768531d58f4122854d7251"
  integrity sha1-Yk+PRJfWGbLZdoUx1Y9BIoVNclE=

inherits@^2.0.3:
  version "2.0.4"
  resolved "https://registry.npm.taobao.org/inherits/download/inherits-2.0.4.tgz#0fa2c64f932917c3433a0ded55363aae37416b7c"
  integrity sha1-D6LGT5MpF8NDOg3tVTY6rjdBa3w=

jest-diff@^24.0.0, jest-diff@^24.9.0:
  version "24.9.0"
  resolved "https://registry.npm.taobao.org/jest-diff/download/jest-diff-24.9.0.tgz?cache=0&sync_timestamp=1588675424593&other_urls=https%3A%2F%2Fregistry.npm.taobao.org%2Fjest-diff%2Fdownload%2Fjest-diff-24.9.0.tgz#931b7d0d5778a1baf7452cb816e325e3724055da"
  integrity sha1-kxt9DVd4obr3RSy4FuMl43JAVdo=
  dependencies:
    chalk "^2.0.1"
    diff-sequences "^24.9.0"
    jest-get-type "^24.9.0"
    pretty-format "^24.9.0"

jest-get-type@^24.9.0:
  version "24.9.0"
  resolved "https://registry.npm.taobao.org/jest-get-type/download/jest-get-type-24.9.0.tgz#1684a0c8a50f2e4901b6644ae861f579eed2ef0e"
  integrity sha1-FoSgyKUPLkkBtmRK6GH1ee7S7w4=

jest-matcher-utils@^24.0.0:
  version "24.9.0"
  resolved "https://registry.npm.taobao.org/jest-matcher-utils/download/jest-matcher-utils-24.9.0.tgz?cache=0&sync_timestamp=1588675427764&other_urls=https%3A%2F%2Fregistry.npm.taobao.org%2Fjest-matcher-utils%2Fdownload%2Fjest-matcher-utils-24.9.0.tgz#f5b3661d5e628dffe6dd65251dfdae0e87c3a073"
  integrity sha1-9bNmHV5ijf/m3WUlHf2uDofDoHM=
  dependencies:
    chalk "^2.0.1"
    jest-diff "^24.9.0"
    jest-get-type "^24.9.0"
    pretty-format "^24.9.0"

"js-tokens@^3.0.0 || ^4.0.0":
  version "4.0.0"
  resolved "https://registry.npm.taobao.org/js-tokens/download/js-tokens-4.0.0.tgz#19203fb59991df98e3a287050d4647cdeaf32499"
  integrity sha1-GSA/tZmR35jjoocFDUZHzerzJJk=

lodash@^4.17.11:
  version "4.17.15"
  resolved "https://registry.npm.taobao.org/lodash/download/lodash-4.17.15.tgz#b447f6670a0455bbfeedd11392eff330ea097548"
  integrity sha1-tEf2ZwoEVbv+7dETku/zMOoJdUg=

loose-envify@^1.1.0, loose-envify@^1.4.0:
  version "1.4.0"
  resolved "https://registry.npm.taobao.org/loose-envify/download/loose-envify-1.4.0.tgz#71ee51fa7be4caec1a63839f7e682d8132d30caf"
  integrity sha1-ce5R+nvkyuwaY4OffmgtgTLTDK8=
  dependencies:
    js-tokens "^3.0.0 || ^4.0.0"

min-indent@^1.0.0:
  version "1.0.0"
  resolved "https://registry.npm.taobao.org/min-indent/download/min-indent-1.0.0.tgz#cfc45c37e9ec0d8f0a0ec3dd4ef7f7c3abe39256"
  integrity sha1-z8RcN+nsDY8KDsPdTvf3w6vjklY=

object-assign@^4.1.1:
  version "4.1.1"
  resolved "https://registry.npm.taobao.org/object-assign/download/object-assign-4.1.1.tgz?cache=0&sync_timestamp=1587903560642&other_urls=https%3A%2F%2Fregistry.npm.taobao.org%2Fobject-assign%2Fdownload%2Fobject-assign-4.1.1.tgz#2109adc7965887cfc05cbbd442cac8bfbb360863"
  integrity sha1-IQmtx5ZYh8/AXLvUQsrIv7s2CGM=

pretty-format@^24.0.0, pretty-format@^24.3.0, pretty-format@^24.9.0:
  version "24.9.0"
  resolved "https://registry.npm.taobao.org/pretty-format/download/pretty-format-24.9.0.tgz?cache=0&sync_timestamp=1588675421672&other_urls=https%3A%2F%2Fregistry.npm.taobao.org%2Fpretty-format%2Fdownload%2Fpretty-format-24.9.0.tgz#12fac31b37019a4eea3c11aa9a959eb7628aa7c9"
  integrity sha1-EvrDGzcBmk7qPBGqmpWet2KKp8k=
  dependencies:
    "@jest/types" "^24.9.0"
    ansi-regex "^4.0.0"
    ansi-styles "^3.2.0"
    react-is "^16.8.4"

pretty-format@^25.1.0:
  version "25.5.0"
  resolved "https://registry.npm.taobao.org/pretty-format/download/pretty-format-25.5.0.tgz?cache=0&sync_timestamp=1588675421672&other_urls=https%3A%2F%2Fregistry.npm.taobao.org%2Fpretty-format%2Fdownload%2Fpretty-format-25.5.0.tgz#7873c1d774f682c34b8d48b6743a2bf2ac55791a"
  integrity sha1-eHPB13T2gsNLjUi2dDor8qxVeRo=
  dependencies:
    "@jest/types" "^25.5.0"
    ansi-regex "^5.0.0"
    ansi-styles "^4.0.0"
    react-is "^16.12.0"

prop-types@^15.6.2:
  version "15.7.2"
  resolved "https://registry.npm.taobao.org/prop-types/download/prop-types-15.7.2.tgz#52c41e75b8c87e72b9d9360e0206b99dcbffa6c5"
  integrity sha1-UsQedbjIfnK52TYOAga5ncv/psU=
  dependencies:
    loose-envify "^1.4.0"
    object-assign "^4.1.1"
    react-is "^16.8.1"

react-dom@^16.13.1:
  version "16.13.1"
  resolved "https://registry.npm.taobao.org/react-dom/download/react-dom-16.13.1.tgz#c1bd37331a0486c078ee54c4740720993b2e0e7f"
  integrity sha1-wb03MxoEhsB47lTEdAcgmTsuDn8=
  dependencies:
    loose-envify "^1.1.0"
    object-assign "^4.1.1"
    prop-types "^15.6.2"
    scheduler "^0.19.1"

react-is@^16.12.0, react-is@^16.8.1, react-is@^16.8.4:
  version "16.13.1"
  resolved "https://registry.npm.taobao.org/react-is/download/react-is-16.13.1.tgz#789729a4dc36de2999dc156dd6c1d9c18cea56a4"
  integrity sha1-eJcppNw23imZ3BVt1sHZwYzqVqQ=

react-transition-group@^4.4.1:
  version "4.4.1"
  resolved "https://registry.npm.taobao.org/react-transition-group/download/react-transition-group-4.4.1.tgz?cache=0&sync_timestamp=1588776719104&other_urls=https%3A%2F%2Fregistry.npm.taobao.org%2Freact-transition-group%2Fdownload%2Freact-transition-group-4.4.1.tgz#63868f9325a38ea5ee9535d828327f85773345c9"
  integrity sha1-Y4aPkyWjjqXulTXYKDJ/hXczRck=
  dependencies:
    "@babel/runtime" "^7.5.5"
    dom-helpers "^5.0.1"
    loose-envify "^1.4.0"
    prop-types "^15.6.2"

react@^16.13.1:
  version "16.13.1"
  resolved "https://registry.npm.taobao.org/react/download/react-16.13.1.tgz?cache=0&other_urls=https%3A%2F%2Fregistry.npm.taobao.org%2Freact%2Fdownload%2Freact-16.13.1.tgz#2e818822f1a9743122c063d6410d85c1e3afe48e"
  integrity sha1-LoGIIvGpdDEiwGPWQQ2FweOv5I4=
  dependencies:
    loose-envify "^1.1.0"
    object-assign "^4.1.1"
    prop-types "^15.6.2"

redent@^3.0.0:
  version "3.0.0"
  resolved "https://registry.npm.taobao.org/redent/download/redent-3.0.0.tgz#e557b7998316bb53c9f1f56fa626352c6963059f"
  integrity sha1-5Ve3mYMWu1PJ8fVvpiY1LGljBZ8=
  dependencies:
    indent-string "^4.0.0"
    strip-indent "^3.0.0"

regenerator-runtime@^0.13.4:
  version "0.13.5"
  resolved "https://registry.npm.taobao.org/regenerator-runtime/download/regenerator-runtime-0.13.5.tgz#d878a1d094b4306d10b9096484b33ebd55e26697"
  integrity sha1-2Hih0JS0MG0QuQlkhLM+vVXiZpc=

resolve-url@^0.2.1:
  version "0.2.1"
  resolved "https://registry.npm.taobao.org/resolve-url/download/resolve-url-0.2.1.tgz#2c637fe77c893afd2a663fe21aa9080068e2052a"
  integrity sha1-LGN/53yJOv0qZj/iGqkIAGjiBSo=

scheduler@^0.19.1:
  version "0.19.1"
  resolved "https://registry.npm.taobao.org/scheduler/download/scheduler-0.19.1.tgz?cache=0&sync_timestamp=1588784222460&other_urls=https%3A%2F%2Fregistry.npm.taobao.org%2Fscheduler%2Fdownload%2Fscheduler-0.19.1.tgz#4f3e2ed2c1a7d65681f4c854fa8c5a1ccb40f196"
  integrity sha1-Tz4u0sGn1laB9MhU+oxaHMtA8ZY=
  dependencies:
    loose-envify "^1.1.0"
    object-assign "^4.1.1"

source-map-resolve@^0.5.2:
  version "0.5.3"
  resolved "https://registry.npm.taobao.org/source-map-resolve/download/source-map-resolve-0.5.3.tgz#190866bece7553e1f8f267a2ee82c606b5509a1a"
  integrity sha1-GQhmvs51U+H48mei7oLGBrVQmho=
  dependencies:
    atob "^2.1.2"
    decode-uri-component "^0.2.0"
    resolve-url "^0.2.1"
    source-map-url "^0.4.0"
    urix "^0.1.0"

source-map-url@^0.4.0:
  version "0.4.0"
  resolved "https://registry.npm.taobao.org/source-map-url/download/source-map-url-0.4.0.tgz#3e935d7ddd73631b97659956d55128e87b5084a3"
  integrity sha1-PpNdfd1zYxuXZZlW1VEo6HtQhKM=

source-map@^0.6.1:
  version "0.6.1"
  resolved "https://registry.npm.taobao.org/source-map/download/source-map-0.6.1.tgz#74722af32e9614e9c287a8d0bbde48b5e2f1a263"
  integrity sha1-dHIq8y6WFOnCh6jQu95IteLxomM=

strip-indent@^3.0.0:
  version "3.0.0"
  resolved "https://registry.npm.taobao.org/strip-indent/download/strip-indent-3.0.0.tgz#c32e1cee940b6b3432c771bc2c54bcce73cd3001"
  integrity sha1-wy4c7pQLazQyx3G8LFS8znPNMAE=
  dependencies:
    min-indent "^1.0.0"

supports-color@^5.3.0:
  version "5.5.0"
  resolved "https://registry.npm.taobao.org/supports-color/download/supports-color-5.5.0.tgz#e2e69a44ac8772f78a1ec0b35b689df6530efc8f"
  integrity sha1-4uaaRKyHcveKHsCzW2id9lMO/I8=
  dependencies:
    has-flag "^3.0.0"

supports-color@^7.1.0:
  version "7.1.0"
  resolved "https://registry.npm.taobao.org/supports-color/download/supports-color-7.1.0.tgz#68e32591df73e25ad1c4b49108a2ec507962bfd1"
  integrity sha1-aOMlkd9z4lrRxLSRCKLsUHliv9E=
  dependencies:
    has-flag "^4.0.0"

urix@^0.1.0:
  version "0.1.0"
  resolved "https://registry.npm.taobao.org/urix/download/urix-0.1.0.tgz#da937f7a62e21fec1fd18d49b35c2935067a6c72"
  integrity sha1-2pN/emLiH+wf0Y1Js1wpNQZ6bHI=

wait-for-expect@^3.0.2:
  version "3.0.2"
  resolved "https://registry.npm.taobao.org/wait-for-expect/download/wait-for-expect-3.0.2.tgz#d2f14b2f7b778c9b82144109c8fa89ceaadaa463"
  integrity sha1-0vFLL3t3jJuCFEEJyPqJzqrapGM=
